
Microsoft Visual Studio Solution File, Format Version 12.00
# Visual Studio Version 17
VisualStudioVersion = 17.0.31903.59
MinimumVisualStudioVersion = 10.0.40219.1
Project("{2150E333-8FDC-42A3-9474-1A3956D46DE8}") = "src", "src", "{827E0CD3-B72D-47B6-A68D-7590B98EB39B}"
EndProject
Project("{FAE04EC0-301F-11D3-BF4B-00C04F79EFBC}") = "RemoteClipboard.Core", "src\RemoteClipboard.Core\RemoteClipboard.Core.csproj", "{3CA393F6-364C-4ADA-8704-6FAC2030B0A0}"
EndProject
Project("{FAE04EC0-301F-11D3-BF4B-00C04F79EFBC}") = "RemoteClipboard.Windows", "src\RemoteClipboard.Windows\RemoteClipboard.Windows.csproj", "{224B8193-E082-40E6-AD63-228BB139A38B}"
EndProject
Project("{FAE04EC0-301F-11D3-BF4B-00C04F79EFBC}") = "RemoteClipboard.App", "src\RemoteClipboard.App\RemoteClipboard.App.csproj", "{0FF12A6D-2155-4210-AECA-77AA00675049}"
EndProject
Project("{2150E333-8FDC-42A3-9474-1A3956D46DE8}") = "tests", "tests", "{0AB3BF05-4346-4AA6-1389-037BE0695223}"
EndProject
Project("{FAE04EC0-301F-11D3-BF4B-00C04F79EFBC}") = "RemoteClipboard.Core.Tests", "tests\RemoteClipboard.Core.Tests\RemoteClipboard.Core.Tests.csproj", "{FFA93D1A-9CA9-458B-A636-1546FBBF97AC}"
EndProject
Global
	GlobalSection(SolutionConfigurationPlatforms) = preSolution
		Debug|Any CPU = Debug|Any CPU
		Debug|x64 = Debug|x64
		Debug|x86 = Debug|x86
		Release|Any CPU = Release|Any CPU
		Release|x64 = Release|x64
		Release|x86 = Release|x86
	EndGlobalSection
	GlobalSection(ProjectConfigurationPlatforms) = postSolution
		{3CA393F6-364C-4ADA-8704-6FAC2030B0A0}.Debug|Any CPU.ActiveCfg = Debug|Any CPU
		{3CA393F6-364C-4ADA-8704-6FAC2030B0A0}.Debug|Any CPU.Build.0 = Debug|Any CPU
		{3CA393F6-364C-4ADA-8704-6FAC2030B0A0}.Debug|x64.ActiveCfg = Debug|Any CPU
		{3CA393F6-364C-4ADA-8704-6FAC2030B0A0}.Debug|x64.Build.0 = Debug|Any CPU
		{3CA393F6-364C-4ADA-8704-6FAC2030B0A0}.Debug|x86.ActiveCfg = Debug|Any CPU
		{3CA393F6-364C-4ADA-8704-6FAC2030B0A0}.Debug|x86.Build.0 = Debug|Any CPU
		{3CA393F6-364C-4ADA-8704-6FAC2030B0A0}.Release|Any CPU.ActiveCfg = Release|Any CPU
		{3CA393F6-364C-4ADA-8704-6FAC2030B0A0}.Release|Any CPU.Build.0 = Release|Any CPU
		{3CA393F6-364C-4ADA-8704-6FAC2030B0A0}.Release|x64.ActiveCfg = Release|Any CPU
		{3CA393F6-364C-4ADA-8704-6FAC2030B0A0}.Release|x64.Build.0 = Release|Any CPU
		{3CA393F6-364C-4ADA-8704-6FAC2030B0A0}.Release|x86.ActiveCfg = Release|Any CPU
		{3CA393F6-364C-4ADA-8704-6FAC2030B0A0}.Release|x86.Build.0 = Release|Any CPU
		{224B8193-E082-40E6-AD63-228BB139A38B}.Debug|Any CPU.ActiveCfg = Debug|Any CPU
		{224B8193-E082-40E6-AD63-228BB139A38B}.Debug|Any CPU.Build.0 = Debug|Any CPU
		{224B8193-E082-40E6-AD63-228BB139A38B}.Debug|x64.ActiveCfg = Debug|Any CPU
		{224B8193-E082-40E6-AD63-228BB139A38B}.Debug|x64.Build.0 = Debug|Any CPU
		{224B8193-E082-40E6-AD63-228BB139A38B}.Debug|x86.ActiveCfg = Debug|Any CPU
		{224B8193-E082-40E6-AD63-228BB139A38B}.Debug|x86.Build.0 = Debug|Any CPU
		{224B8193-E082-40E6-AD63-228BB139A38B}.Release|Any CPU.ActiveCfg = Release|Any CPU
		{224B8193-E082-40E6-AD63-228BB139A38B}.Release|Any CPU.Build.0 = Release|Any CPU
		{224B8193-E082-40E6-AD63-228BB139A38B}.Release|x64.ActiveCfg = Release|Any CPU
		{224B8193-E082-40E6-AD63-228BB139A38B}.Release|x64.Build.0 = Release|Any CPU
		{224B8193-E082-40E6-AD63-228BB139A38B}.Release|x86.ActiveCfg = Release|Any CPU
		{224B8193-E082-40E6-AD63-228BB139A38B}.Release|x86.Build.0 = Release|Any CPU
		{0FF12A6D-2155-4210-AECA-77AA00675049}.Debug|Any CPU.ActiveCfg = Debug|Any CPU
		{0FF12A6D-2155-4210-AECA-77AA00675049}.Debug|Any CPU.Build.0 = Debug|Any CPU
		{0FF12A6D-2155-4210-AECA-77AA00675049}.Debug|x64.ActiveCfg = Debug|Any CPU
		{0FF12A6D-2155-4210-AECA-77AA00675049}.Debug|x64.Build.0 = Debug|Any CPU
		{0FF12A6D-2155-4210-AECA-77AA00675049}.Debug|x86.ActiveCfg = Debug|Any CPU
		{0FF12A6D-2155-4210-AECA-77AA00675049}.Debug|x86.Build.0 = Debug|Any CPU
		{0FF12A6D-2155-4210-AECA-77AA00675049}.Release|Any CPU.ActiveCfg = Release|Any CPU
		{0FF12A6D-2155-4210-AECA-77AA00675049}.Release|Any CPU.Build.0 = Release|Any CPU
		{0FF12A6D-2155-4210-AECA-77AA00675049}.Release|x64.ActiveCfg = Release|Any CPU
		{0FF12A6D-2155-4210-AECA-77AA00675049}.Release|x64.Build.0 = Release|Any CPU
		{0FF12A6D-2155-4210-AECA-77AA00675049}.Release|x86.ActiveCfg = Release|Any CPU
		{0FF12A6D-2155-4210-AECA-77AA00675049}.Release|x86.Build.0 = Release|Any CPU
		{FFA93D1A-9CA9-458B-A636-1546FBBF97AC}.Debug|Any CPU.ActiveCfg = Debug|Any CPU
		{FFA93D1A-9CA9-458B-A636-1546FBBF97AC}.Debug|Any CPU.Build.0 = Debug|Any CPU
		{FFA93D1A-9CA9-458B-A636-1546FBBF97AC}.Debug|x64.ActiveCfg = Debug|Any CPU
		{FFA93D1A-9CA9-458B-A636-1546FBBF97AC}.Debug|x64.Build.0 = Debug|Any CPU
		{FFA93D1A-9CA9-458B-A636-1546FBBF97AC}.Debug|x86.ActiveCfg = Debug|Any CPU
		{FFA93D1A-9CA9-458B-A636-1546FBBF97AC}.Debug|x86.Build.0 = Debug|Any CPU
		{FFA93D1A-9CA9-458B-A636-1546FBBF97AC}.Release|Any CPU.ActiveCfg = Release|Any CPU
		{FFA93D1A-9CA9-458B-A636-1546FBBF97AC}.Release|Any CPU.Build.0 = Release|Any CPU
		{FFA93D1A-9CA9-458B-A636-1546FBBF97AC}.Release|x64.ActiveCfg = Release|Any CPU
		{FFA93D1A-9CA9-458B-A636-1546FBBF97AC}.Release|x64.Build.0 = Release|Any CPU
		{FFA93D1A-9CA9-458B-A636-1546FBBF97AC}.Release|x86.ActiveCfg = Release|Any CPU
		{FFA93D1A-9CA9-458B-A636-1546FBBF97AC}.Release|x86.Build.0 = Release|Any CPU
	EndGlobalSection
	GlobalSection(SolutionProperties) = preSolution
		HideSolutionNode = FALSE
	EndGlobalSection
	GlobalSection(NestedProjects) = preSolution
		{3CA393F6-364C-4ADA-8704-6FAC2030B0A0} = {827E0CD3-B72D-47B6-A68D-7590B98EB39B}
		{224B8193-E082-40E6-AD63-228BB139A38B} = {827E0CD3-B72D-47B6-A68D-7590B98EB39B}
		{0FF12A6D-2155-4210-AECA-77AA00675049} = {827E0CD3-B72D-47B6-A68D-7590B98EB39B}
		{FFA93D1A-9CA9-458B-A636-1546FBBF97AC} = {0AB3BF05-4346-4AA6-1389-037BE0695223}
	EndGlobalSection
EndGlobal
